{
  "nodes": {
    "nixpkgs": {
      "locked": {
        "lastModified": 1647800324,
        "narHash": "sha256-rjwoxrk16zfrcO5Torh6CbAd5GHsHrXw+EwxOvh9AUI=",
        "path": "/nix/store/33zgpp4aj1qyfwnlaspj8mypvv0sjpyw-source",
        "rev": "9bc841fec1c0e8b9772afa29f934d2c7ce57da8e",
        "type": "path"
      },
      "original": {
        "id": "nixpkgs",
        "type": "indirect"
      }
    },
    "nixpkgs_2": {
      "locked": {
        "lastModified": 1647800324,
        "narHash": "sha256-rjwoxrk16zfrcO5Torh6CbAd5GHsHrXw+EwxOvh9AUI=",
        "path": "/nix/store/33zgpp4aj1qyfwnlaspj8mypvv0sjpyw-source",
        "rev": "9bc841fec1c0e8b9772afa29f934d2c7ce57da8e",
        "type": "path"
      },
      "original": {
        "id": "nixpkgs",
        "type": "indirect"
      }
    },
    "root": {
      "inputs": {
        "nixpkgs": "nixpkgs",
        "xng-utils": "xng-utils"
      }
    },
    "xng-utils": {
      "inputs": {
        "nixpkgs": "nixpkgs_2"
      },
      "locked": {
        "narHash": "sha256-25dcA/ITXpW87At7hpw6nyMEFbkkytYCzo4fq3W6ECg=",
        "path": "/home/zaes_wa/documents/fentiss/XNG",
        "type": "path"
      },
      "original": {
        "path": "/home/zaes_wa/documents/fentiss/XNG",
        "type": "path"
      }
    }
  },
  "root": "root",
  "version": 7
}
