{
  "nodes": {
    "nixpkgs": {
      "locked": {
        "lastModified": 1672686581,
        "narHash": "sha256-j6OqjEKGHHR8O7vVQVcbHVXA6Lee0dRiIT1BfELoXu4=",
        "path": "/nix/store/ii3y21rwzll12sravvfnds2gkmd9kkpm-source",
        "rev": "02ac561953285d0a0f69067010f6e5e4001979b1",
        "type": "path"
      },
      "original": {
        "id": "nixpkgs",
        "type": "indirect"
      }
    },
    "root": {
      "inputs": {
        "nixpkgs": "nixpkgs"
      }
    }
  },
  "root": "root",
  "version": 7
}
