{
  "nodes": {
    "nixpkgs": {
      "locked": {
        "lastModified": 0,
        "narHash": "sha256-ePnxG4hacRd6oZMk+YeCSYMNUnHCe+qPLI0/+VaTu48=",
        "path": "/nix/store/nh7z4wdv46nnf8djb93z29yz3627l68c-source",
        "type": "path"
      },
      "original": {
        "id": "nixpkgs",
        "type": "indirect"
      }
    },
    "root": {
      "inputs": {
        "nixpkgs": "nixpkgs"
      }
    }
  },
  "root": "root",
  "version": 7
}
